
Microsoft Visual Studio Solution File, Format Version 12.00
# Visual Studio Version 17
VisualStudioVersion = 17.13.35828.75
MinimumVisualStudioVersion = 10.0.40219.1
Project("{8BC9CEB8-8B4A-11D0-8D11-00A0C91BC942}") = "Assignment0401", "Assignment0401\Assignment0401.vcxproj", "{CBA9E282-1CC4-441B-B2E6-6C0DCB1E5C03}"
EndProject
Project("{8BC9CEB8-8B4A-11D0-8D11-00A0C91BC942}") = "Assignment0402", "Assignment0402\Assignment0402.vcxproj", "{BC4378BF-B9DB-488C-92B9-89E32F9CEB54}"
EndProject
Project("{8BC9CEB8-8B4A-11D0-8D11-00A0C91BC942}") = "Assignment0408", "Assignment0408\Assignment0408.vcxproj", "{7D1CD29E-9106-481C-BEF9-DC99DE96A98A}"
EndProject
Project("{8BC9CEB8-8B4A-11D0-8D11-00A0C91BC942}") = "Assignment0409", "Assignment0409\Assignment0409.vcxproj", "{83C19833-6357-4075-B40F-127F9935E7CA}"
EndProject
Project("{8BC9CEB8-8B4A-11D0-8D11-00A0C91BC942}") = "Assignment0415", "Assignment0415\Assignment0415.vcxproj", "{2258EA71-AA7B-4F7C-82CA-54C8F78A4209}"
EndProject
Project("{8BC9CEB8-8B4A-11D0-8D11-00A0C91BC942}") = "Assignment0416", "Assignment0416\Assignment0416.vcxproj", "{392AB9CA-F45A-4B21-96AF-591CED6C31CF}"
EndProject
Project("{8BC9CEB8-8B4A-11D0-8D11-00A0C91BC942}") = "Assignment0417", "Assignment0417\Assignment0417.vcxproj", "{C98EB7AE-7E73-416B-822F-0002EBDACED8}"
EndProject
Project("{8BC9CEB8-8B4A-11D0-8D11-00A0C91BC942}") = "Assignment0405", "Assignment0405\Assignment0405.vcxproj", "{5EAD06B6-B8C5-4978-A972-BB296A475C0F}"
EndProject
Project("{8BC9CEB8-8B4A-11D0-8D11-00A0C91BC942}") = "Assignment0403", "Assignment0403\Assignment0403.vcxproj", "{D556E00E-498C-44F0-8DC0-8147857D4ED1}"
EndProject
Project("{8BC9CEB8-8B4A-11D0-8D11-00A0C91BC942}") = "Assignment0404", "Assignment0404\Assignment0404.vcxproj", "{AB1BBEDD-44C7-4A2B-A1E6-DCF578ED06C8}"
EndProject
Project("{8BC9CEB8-8B4A-11D0-8D11-00A0C91BC942}") = "Assignment0406", "Assignment0406\Assignment0406.vcxproj", "{288B7028-31A8-45BA-ADBD-6CC8574D7234}"
EndProject
Project("{8BC9CEB8-8B4A-11D0-8D11-00A0C91BC942}") = "Assignment0407", "Assignment0407\Assignment0407.vcxproj", "{449852EE-4C16-4F62-8B4F-7F1482C2E731}"
EndProject
Project("{8BC9CEB8-8B4A-11D0-8D11-00A0C91BC942}") = "Assignment0410", "Assignment0410\Assignment0410.vcxproj", "{2D0345BB-FDF0-4C59-B725-F45381C633CD}"
EndProject
Project("{8BC9CEB8-8B4A-11D0-8D11-00A0C91BC942}") = "Assignment0411", "Assignment0411\Assignment0411.vcxproj", "{6695159A-983E-4DD7-B53D-FAC6A53A8723}"
EndProject
Project("{8BC9CEB8-8B4A-11D0-8D11-00A0C91BC942}") = "Assignment0412", "Assignment0412\Assignment0412.vcxproj", "{B3E66572-7CFF-4BE8-A380-EE71DEBA4D73}"
EndProject
Project("{8BC9CEB8-8B4A-11D0-8D11-00A0C91BC942}") = "Assignment0413", "Assignment0413\Assignment0413.vcxproj", "{2FDAC166-670C-427B-9394-DA09EC0478FC}"
EndProject
Project("{8BC9CEB8-8B4A-11D0-8D11-00A0C91BC942}") = "Assignment0414", "Assignment0414\Assignment0414.vcxproj", "{126325DB-130F-49B5-8C41-911BD3B1D102}"
EndProject
Global
	GlobalSection(SolutionConfigurationPlatforms) = preSolution
		Debug|x64 = Debug|x64
		Debug|x86 = Debug|x86
		Release|x64 = Release|x64
		Release|x86 = Release|x86
	EndGlobalSection
	GlobalSection(ProjectConfigurationPlatforms) = postSolution
		{CBA9E282-1CC4-441B-B2E6-6C0DCB1E5C03}.Debug|x64.ActiveCfg = Debug|x64
		{CBA9E282-1CC4-441B-B2E6-6C0DCB1E5C03}.Debug|x64.Build.0 = Debug|x64
		{CBA9E282-1CC4-441B-B2E6-6C0DCB1E5C03}.Debug|x86.ActiveCfg = Debug|Win32
		{CBA9E282-1CC4-441B-B2E6-6C0DCB1E5C03}.Debug|x86.Build.0 = Debug|Win32
		{CBA9E282-1CC4-441B-B2E6-6C0DCB1E5C03}.Release|x64.ActiveCfg = Release|x64
		{CBA9E282-1CC4-441B-B2E6-6C0DCB1E5C03}.Release|x64.Build.0 = Release|x64
		{CBA9E282-1CC4-441B-B2E6-6C0DCB1E5C03}.Release|x86.ActiveCfg = Release|Win32
		{CBA9E282-1CC4-441B-B2E6-6C0DCB1E5C03}.Release|x86.Build.0 = Release|Win32
		{BC4378BF-B9DB-488C-92B9-89E32F9CEB54}.Debug|x64.ActiveCfg = Debug|x64
		{BC4378BF-B9DB-488C-92B9-89E32F9CEB54}.Debug|x64.Build.0 = Debug|x64
		{BC4378BF-B9DB-488C-92B9-89E32F9CEB54}.Debug|x86.ActiveCfg = Debug|Win32
		{BC4378BF-B9DB-488C-92B9-89E32F9CEB54}.Debug|x86.Build.0 = Debug|Win32
		{BC4378BF-B9DB-488C-92B9-89E32F9CEB54}.Release|x64.ActiveCfg = Release|x64
		{BC4378BF-B9DB-488C-92B9-89E32F9CEB54}.Release|x64.Build.0 = Release|x64
		{BC4378BF-B9DB-488C-92B9-89E32F9CEB54}.Release|x86.ActiveCfg = Release|Win32
		{BC4378BF-B9DB-488C-92B9-89E32F9CEB54}.Release|x86.Build.0 = Release|Win32
		{7D1CD29E-9106-481C-BEF9-DC99DE96A98A}.Debug|x64.ActiveCfg = Debug|x64
		{7D1CD29E-9106-481C-BEF9-DC99DE96A98A}.Debug|x64.Build.0 = Debug|x64
		{7D1CD29E-9106-481C-BEF9-DC99DE96A98A}.Debug|x86.ActiveCfg = Debug|Win32
		{7D1CD29E-9106-481C-BEF9-DC99DE96A98A}.Debug|x86.Build.0 = Debug|Win32
		{7D1CD29E-9106-481C-BEF9-DC99DE96A98A}.Release|x64.ActiveCfg = Release|x64
		{7D1CD29E-9106-481C-BEF9-DC99DE96A98A}.Release|x64.Build.0 = Release|x64
		{7D1CD29E-9106-481C-BEF9-DC99DE96A98A}.Release|x86.ActiveCfg = Release|Win32
		{7D1CD29E-9106-481C-BEF9-DC99DE96A98A}.Release|x86.Build.0 = Release|Win32
		{83C19833-6357-4075-B40F-127F9935E7CA}.Debug|x64.ActiveCfg = Debug|x64
		{83C19833-6357-4075-B40F-127F9935E7CA}.Debug|x64.Build.0 = Debug|x64
		{83C19833-6357-4075-B40F-127F9935E7CA}.Debug|x86.ActiveCfg = Debug|Win32
		{83C19833-6357-4075-B40F-127F9935E7CA}.Debug|x86.Build.0 = Debug|Win32
		{83C19833-6357-4075-B40F-127F9935E7CA}.Release|x64.ActiveCfg = Release|x64
		{83C19833-6357-4075-B40F-127F9935E7CA}.Release|x64.Build.0 = Release|x64
		{83C19833-6357-4075-B40F-127F9935E7CA}.Release|x86.ActiveCfg = Release|Win32
		{83C19833-6357-4075-B40F-127F9935E7CA}.Release|x86.Build.0 = Release|Win32
		{2258EA71-AA7B-4F7C-82CA-54C8F78A4209}.Debug|x64.ActiveCfg = Debug|x64
		{2258EA71-AA7B-4F7C-82CA-54C8F78A4209}.Debug|x64.Build.0 = Debug|x64
		{2258EA71-AA7B-4F7C-82CA-54C8F78A4209}.Debug|x86.ActiveCfg = Debug|Win32
		{2258EA71-AA7B-4F7C-82CA-54C8F78A4209}.Debug|x86.Build.0 = Debug|Win32
		{2258EA71-AA7B-4F7C-82CA-54C8F78A4209}.Release|x64.ActiveCfg = Release|x64
		{2258EA71-AA7B-4F7C-82CA-54C8F78A4209}.Release|x64.Build.0 = Release|x64
		{2258EA71-AA7B-4F7C-82CA-54C8F78A4209}.Release|x86.ActiveCfg = Release|Win32
		{2258EA71-AA7B-4F7C-82CA-54C8F78A4209}.Release|x86.Build.0 = Release|Win32
		{392AB9CA-F45A-4B21-96AF-591CED6C31CF}.Debug|x64.ActiveCfg = Debug|x64
		{392AB9CA-F45A-4B21-96AF-591CED6C31CF}.Debug|x64.Build.0 = Debug|x64
		{392AB9CA-F45A-4B21-96AF-591CED6C31CF}.Debug|x86.ActiveCfg = Debug|Win32
		{392AB9CA-F45A-4B21-96AF-591CED6C31CF}.Debug|x86.Build.0 = Debug|Win32
		{392AB9CA-F45A-4B21-96AF-591CED6C31CF}.Release|x64.ActiveCfg = Release|x64
		{392AB9CA-F45A-4B21-96AF-591CED6C31CF}.Release|x64.Build.0 = Release|x64
		{392AB9CA-F45A-4B21-96AF-591CED6C31CF}.Release|x86.ActiveCfg = Release|Win32
		{392AB9CA-F45A-4B21-96AF-591CED6C31CF}.Release|x86.Build.0 = Release|Win32
		{C98EB7AE-7E73-416B-822F-0002EBDACED8}.Debug|x64.ActiveCfg = Debug|x64
		{C98EB7AE-7E73-416B-822F-0002EBDACED8}.Debug|x64.Build.0 = Debug|x64
		{C98EB7AE-7E73-416B-822F-0002EBDACED8}.Debug|x86.ActiveCfg = Debug|Win32
		{C98EB7AE-7E73-416B-822F-0002EBDACED8}.Debug|x86.Build.0 = Debug|Win32
		{C98EB7AE-7E73-416B-822F-0002EBDACED8}.Release|x64.ActiveCfg = Release|x64
		{C98EB7AE-7E73-416B-822F-0002EBDACED8}.Release|x64.Build.0 = Release|x64
		{C98EB7AE-7E73-416B-822F-0002EBDACED8}.Release|x86.ActiveCfg = Release|Win32
		{C98EB7AE-7E73-416B-822F-0002EBDACED8}.Release|x86.Build.0 = Release|Win32
		{5EAD06B6-B8C5-4978-A972-BB296A475C0F}.Debug|x64.ActiveCfg = Debug|x64
		{5EAD06B6-B8C5-4978-A972-BB296A475C0F}.Debug|x64.Build.0 = Debug|x64
		{5EAD06B6-B8C5-4978-A972-BB296A475C0F}.Debug|x86.ActiveCfg = Debug|Win32
		{5EAD06B6-B8C5-4978-A972-BB296A475C0F}.Debug|x86.Build.0 = Debug|Win32
		{5EAD06B6-B8C5-4978-A972-BB296A475C0F}.Release|x64.ActiveCfg = Release|x64
		{5EAD06B6-B8C5-4978-A972-BB296A475C0F}.Release|x64.Build.0 = Release|x64
		{5EAD06B6-B8C5-4978-A972-BB296A475C0F}.Release|x86.ActiveCfg = Release|Win32
		{5EAD06B6-B8C5-4978-A972-BB296A475C0F}.Release|x86.Build.0 = Release|Win32
		{D556E00E-498C-44F0-8DC0-8147857D4ED1}.Debug|x64.ActiveCfg = Debug|x64
		{D556E00E-498C-44F0-8DC0-8147857D4ED1}.Debug|x64.Build.0 = Debug|x64
		{D556E00E-498C-44F0-8DC0-8147857D4ED1}.Debug|x86.ActiveCfg = Debug|Win32
		{D556E00E-498C-44F0-8DC0-8147857D4ED1}.Debug|x86.Build.0 = Debug|Win32
		{D556E00E-498C-44F0-8DC0-8147857D4ED1}.Release|x64.ActiveCfg = Release|x64
		{D556E00E-498C-44F0-8DC0-8147857D4ED1}.Release|x64.Build.0 = Release|x64
		{D556E00E-498C-44F0-8DC0-8147857D4ED1}.Release|x86.ActiveCfg = Release|Win32
		{D556E00E-498C-44F0-8DC0-8147857D4ED1}.Release|x86.Build.0 = Release|Win32
		{AB1BBEDD-44C7-4A2B-A1E6-DCF578ED06C8}.Debug|x64.ActiveCfg = Debug|x64
		{AB1BBEDD-44C7-4A2B-A1E6-DCF578ED06C8}.Debug|x64.Build.0 = Debug|x64
		{AB1BBEDD-44C7-4A2B-A1E6-DCF578ED06C8}.Debug|x86.ActiveCfg = Debug|Win32
		{AB1BBEDD-44C7-4A2B-A1E6-DCF578ED06C8}.Debug|x86.Build.0 = Debug|Win32
		{AB1BBEDD-44C7-4A2B-A1E6-DCF578ED06C8}.Release|x64.ActiveCfg = Release|x64
		{AB1BBEDD-44C7-4A2B-A1E6-DCF578ED06C8}.Release|x64.Build.0 = Release|x64
		{AB1BBEDD-44C7-4A2B-A1E6-DCF578ED06C8}.Release|x86.ActiveCfg = Release|Win32
		{AB1BBEDD-44C7-4A2B-A1E6-DCF578ED06C8}.Release|x86.Build.0 = Release|Win32
		{288B7028-31A8-45BA-ADBD-6CC8574D7234}.Debug|x64.ActiveCfg = Debug|x64
		{288B7028-31A8-45BA-ADBD-6CC8574D7234}.Debug|x64.Build.0 = Debug|x64
		{288B7028-31A8-45BA-ADBD-6CC8574D7234}.Debug|x86.ActiveCfg = Debug|Win32
		{288B7028-31A8-45BA-ADBD-6CC8574D7234}.Debug|x86.Build.0 = Debug|Win32
		{288B7028-31A8-45BA-ADBD-6CC8574D7234}.Release|x64.ActiveCfg = Release|x64
		{288B7028-31A8-45BA-ADBD-6CC8574D7234}.Release|x64.Build.0 = Release|x64
		{288B7028-31A8-45BA-ADBD-6CC8574D7234}.Release|x86.ActiveCfg = Release|Win32
		{288B7028-31A8-45BA-ADBD-6CC8574D7234}.Release|x86.Build.0 = Release|Win32
		{449852EE-4C16-4F62-8B4F-7F1482C2E731}.Debug|x64.ActiveCfg = Debug|x64
		{449852EE-4C16-4F62-8B4F-7F1482C2E731}.Debug|x64.Build.0 = Debug|x64
		{449852EE-4C16-4F62-8B4F-7F1482C2E731}.Debug|x86.ActiveCfg = Debug|Win32
		{449852EE-4C16-4F62-8B4F-7F1482C2E731}.Debug|x86.Build.0 = Debug|Win32
		{449852EE-4C16-4F62-8B4F-7F1482C2E731}.Release|x64.ActiveCfg = Release|x64
		{449852EE-4C16-4F62-8B4F-7F1482C2E731}.Release|x64.Build.0 = Release|x64
		{449852EE-4C16-4F62-8B4F-7F1482C2E731}.Release|x86.ActiveCfg = Release|Win32
		{449852EE-4C16-4F62-8B4F-7F1482C2E731}.Release|x86.Build.0 = Release|Win32
		{2D0345BB-FDF0-4C59-B725-F45381C633CD}.Debug|x64.ActiveCfg = Debug|x64
		{2D0345BB-FDF0-4C59-B725-F45381C633CD}.Debug|x64.Build.0 = Debug|x64
		{2D0345BB-FDF0-4C59-B725-F45381C633CD}.Debug|x86.ActiveCfg = Debug|Win32
		{2D0345BB-FDF0-4C59-B725-F45381C633CD}.Debug|x86.Build.0 = Debug|Win32
		{2D0345BB-FDF0-4C59-B725-F45381C633CD}.Release|x64.ActiveCfg = Release|x64
		{2D0345BB-FDF0-4C59-B725-F45381C633CD}.Release|x64.Build.0 = Release|x64
		{2D0345BB-FDF0-4C59-B725-F45381C633CD}.Release|x86.ActiveCfg = Release|Win32
		{2D0345BB-FDF0-4C59-B725-F45381C633CD}.Release|x86.Build.0 = Release|Win32
		{6695159A-983E-4DD7-B53D-FAC6A53A8723}.Debug|x64.ActiveCfg = Debug|x64
		{6695159A-983E-4DD7-B53D-FAC6A53A8723}.Debug|x64.Build.0 = Debug|x64
		{6695159A-983E-4DD7-B53D-FAC6A53A8723}.Debug|x86.ActiveCfg = Debug|Win32
		{6695159A-983E-4DD7-B53D-FAC6A53A8723}.Debug|x86.Build.0 = Debug|Win32
		{6695159A-983E-4DD7-B53D-FAC6A53A8723}.Release|x64.ActiveCfg = Release|x64
		{6695159A-983E-4DD7-B53D-FAC6A53A8723}.Release|x64.Build.0 = Release|x64
		{6695159A-983E-4DD7-B53D-FAC6A53A8723}.Release|x86.ActiveCfg = Release|Win32
		{6695159A-983E-4DD7-B53D-FAC6A53A8723}.Release|x86.Build.0 = Release|Win32
		{B3E66572-7CFF-4BE8-A380-EE71DEBA4D73}.Debug|x64.ActiveCfg = Debug|x64
		{B3E66572-7CFF-4BE8-A380-EE71DEBA4D73}.Debug|x64.Build.0 = Debug|x64
		{B3E66572-7CFF-4BE8-A380-EE71DEBA4D73}.Debug|x86.ActiveCfg = Debug|Win32
		{B3E66572-7CFF-4BE8-A380-EE71DEBA4D73}.Debug|x86.Build.0 = Debug|Win32
		{B3E66572-7CFF-4BE8-A380-EE71DEBA4D73}.Release|x64.ActiveCfg = Release|x64
		{B3E66572-7CFF-4BE8-A380-EE71DEBA4D73}.Release|x64.Build.0 = Release|x64
		{B3E66572-7CFF-4BE8-A380-EE71DEBA4D73}.Release|x86.ActiveCfg = Release|Win32
		{B3E66572-7CFF-4BE8-A380-EE71DEBA4D73}.Release|x86.Build.0 = Release|Win32
		{2FDAC166-670C-427B-9394-DA09EC0478FC}.Debug|x64.ActiveCfg = Debug|x64
		{2FDAC166-670C-427B-9394-DA09EC0478FC}.Debug|x64.Build.0 = Debug|x64
		{2FDAC166-670C-427B-9394-DA09EC0478FC}.Debug|x86.ActiveCfg = Debug|Win32
		{2FDAC166-670C-427B-9394-DA09EC0478FC}.Debug|x86.Build.0 = Debug|Win32
		{2FDAC166-670C-427B-9394-DA09EC0478FC}.Release|x64.ActiveCfg = Release|x64
		{2FDAC166-670C-427B-9394-DA09EC0478FC}.Release|x64.Build.0 = Release|x64
		{2FDAC166-670C-427B-9394-DA09EC0478FC}.Release|x86.ActiveCfg = Release|Win32
		{2FDAC166-670C-427B-9394-DA09EC0478FC}.Release|x86.Build.0 = Release|Win32
		{126325DB-130F-49B5-8C41-911BD3B1D102}.Debug|x64.ActiveCfg = Debug|x64
		{126325DB-130F-49B5-8C41-911BD3B1D102}.Debug|x64.Build.0 = Debug|x64
		{126325DB-130F-49B5-8C41-911BD3B1D102}.Debug|x86.ActiveCfg = Debug|Win32
		{126325DB-130F-49B5-8C41-911BD3B1D102}.Debug|x86.Build.0 = Debug|Win32
		{126325DB-130F-49B5-8C41-911BD3B1D102}.Release|x64.ActiveCfg = Release|x64
		{126325DB-130F-49B5-8C41-911BD3B1D102}.Release|x64.Build.0 = Release|x64
		{126325DB-130F-49B5-8C41-911BD3B1D102}.Release|x86.ActiveCfg = Release|Win32
		{126325DB-130F-49B5-8C41-911BD3B1D102}.Release|x86.Build.0 = Release|Win32
	EndGlobalSection
	GlobalSection(SolutionProperties) = preSolution
		HideSolutionNode = FALSE
	EndGlobalSection
	GlobalSection(ExtensibilityGlobals) = postSolution
		SolutionGuid = {BD1450C9-A4DC-46F5-AECB-1341053EEF92}
	EndGlobalSection
EndGlobal
